
Microsoft Visual Studio Solution File, Format Version 12.00
# Visual Studio Version 16
VisualStudioVersion = 25.0.1706.7
MinimumVisualStudioVersion = 10.0.40219.1
Project("{FAE04EC0-301F-11D3-BF4B-00C04F79EFBC}") = "RoomieRosterWeb", "RoomieRosterWeb\RoomieRosterWeb.csproj", "{5348BFB1-0787-4C23-99D9-632672873E47}"
EndProject
Global
	GlobalSection(SolutionConfigurationPlatforms) = preSolution
		Debug|Any CPU = Debug|Any CPU
		Release|Any CPU = Release|Any CPU
		Develop|Any CPU = Develop|Any CPU
	EndGlobalSection
	GlobalSection(ProjectConfigurationPlatforms) = postSolution
		{5348BFB1-0787-4C23-99D9-632672873E47}.Debug|Any CPU.ActiveCfg = Debug|Any CPU
		{5348BFB1-0787-4C23-99D9-632672873E47}.Debug|Any CPU.Build.0 = Debug|Any CPU
		{5348BFB1-0787-4C23-99D9-632672873E47}.Release|Any CPU.ActiveCfg = Release|Any CPU
		{5348BFB1-0787-4C23-99D9-632672873E47}.Release|Any CPU.Build.0 = Release|Any CPU
		{5348BFB1-0787-4C23-99D9-632672873E47}.Develop|Any CPU.ActiveCfg = Debug|Any CPU
		{5348BFB1-0787-4C23-99D9-632672873E47}.Develop|Any CPU.Build.0 = Debug|Any CPU
	EndGlobalSection
	GlobalSection(SolutionProperties) = preSolution
		HideSolutionNode = FALSE
	EndGlobalSection
	GlobalSection(ExtensibilityGlobals) = postSolution
		SolutionGuid = {9A1D5AA2-CB63-4DB4-AF40-DA3B8DE4CB43}
	EndGlobalSection
EndGlobal
